<?xml version="1.0" encoding="utf-8"?>
<Project ToolsVersion="4.0" xmlns="http://schemas.microsoft.com/developer/msbuild/2003">
  <ItemGroup>
    <Filter Include="Source Files">
      <UniqueIdentifier>{4FC737F1-C7A5-4376-A066-2A32D752A2FF}</UniqueIdentifier>
      <Extensions>qml;cpp;c;cc;cxx;def;odl;idl;hpj;bat;asm;asmx</Extensions>
    </Filter>
    <Filter Include="Header Files">
      <UniqueIdentifier>{93995380-89BD-4b04-88EB-625FBE52EBFB}</UniqueIdentifier>
      <Extensions>h;hh;hpp;hxx;hm;inl;inc;xsd</Extensions>
    </Filter>
    <Filter Include="Form Files">
      <UniqueIdentifier>{99349809-55BA-4b9d-BF79-8FDBB0286EB3}</UniqueIdentifier>
      <Extensions>ui</Extensions>
    </Filter>
    <Filter Include="Translation Files">
      <UniqueIdentifier>{639EADAA-A684-42e4-A9AD-28FC9BCB8F7C}</UniqueIdentifier>
      <Extensions>ts</Extensions>
    </Filter>
    <Filter Include="database">
      <UniqueIdentifier>{4aeb67f2-89f4-465e-9cd3-6fd6f7ad76a5}</UniqueIdentifier>
    </Filter>
    <Filter Include="models">
      <UniqueIdentifier>{79217f03-91cf-4496-9158-e8601e14b2e0}</UniqueIdentifier>
    </Filter>
    <Filter Include="repositories">
      <UniqueIdentifier>{89611f8f-2fe3-4710-987f-212dd370a4bf}</UniqueIdentifier>
    </Filter>
    <Filter Include="ui">
      <UniqueIdentifier>{48f235a6-821f-49b0-baa8-0abec8d775f8}</UniqueIdentifier>
    </Filter>
    <Filter Include="opengl">
      <UniqueIdentifier>{674065a7-680e-4935-9130-0c92a7b8d984}</UniqueIdentifier>
    </Filter>
    <Filter Include="sql">
      <UniqueIdentifier>{a604abee-27c8-4321-b658-fe515a06a880}</UniqueIdentifier>
    </Filter>
    <Filter Include="utils">
      <UniqueIdentifier>{11d3e864-d8e1-498c-a4e7-df1db26b6060}</UniqueIdentifier>
    </Filter>
  </ItemGroup>
  <ItemGroup>
    <QtUic Include="DigitalShopAWS.ui">
      <Filter>Form Files</Filter>
    </QtUic>
    <QtMoc Include="DigitalShopAWS.h">
      <Filter>Header Files</Filter>
    </QtMoc>
    <ClCompile Include="DigitalShopAWS.cpp">
      <Filter>Source Files</Filter>
    </ClCompile>
  </ItemGroup>
  <ItemGroup>
    <ClCompile Include="main.cpp">
      <Filter>Source Files</Filter>
    </ClCompile>
    <ClCompile Include="database\DatabaseManager.cpp">
      <Filter>database</Filter>
    </ClCompile>
    <ClCompile Include="models\Product.cpp">
      <Filter>models</Filter>
    </ClCompile>
    <ClCompile Include="repositories\ProductRepository.cpp">
      <Filter>repositories</Filter>
    </ClCompile>
    <ClCompile Include="models\User.cpp">
      <Filter>models</Filter>
    </ClCompile>
    <ClCompile Include="repositories\UserRepository.cpp">
      <Filter>repositories</Filter>
    </ClCompile>
    <ClCompile Include="utils\PasswordHasher.cpp">
      <Filter>utils</Filter>
    </ClCompile>
    <ClCompile Include="ui\LoginDialog.cpp">
      <Filter>ui</Filter>
    </ClCompile>
    <ClCompile Include="models\Customer.cpp">
      <Filter>models</Filter>
    </ClCompile>
    <ClCompile Include="repositories\CustomerRepository.cpp">
      <Filter>repositories</Filter>
    </ClCompile>
    <ClCompile Include="models\ProductKey.cpp">
      <Filter>models</Filter>
    </ClCompile>
    <ClCompile Include="repositories\KeyRepository.cpp">
      <Filter>repositories</Filter>
    </ClCompile>
    <ClCompile Include="ui\ProductEditDialog.cpp">
      <Filter>ui</Filter>
    </ClCompile>
    <ClCompile Include="ui\ProductsTab.cpp">
      <Filter>ui</Filter>
    </ClCompile>
    <ClCompile Include="ui\CustomerEditDialog.cpp">
      <Filter>ui</Filter>
    </ClCompile>
    <ClCompile Include="ui\CustomersTab.cpp">
      <Filter>ui</Filter>
    </ClCompile>
  </ItemGroup>
  <ItemGroup>
    <None Include="sql\schema.sql">
      <Filter>sql</Filter>
    </None>
  </ItemGroup>
  <ItemGroup>
    <ClInclude Include="database\DatabaseManager.h">
      <Filter>database</Filter>
    </ClInclude>
    <ClInclude Include="models\Product.h">
      <Filter>models</Filter>
    </ClInclude>
    <ClInclude Include="repositories\ProductRepository.h">
      <Filter>repositories</Filter>
    </ClInclude>
    <ClInclude Include="models\User.h">
      <Filter>models</Filter>
    </ClInclude>
    <ClInclude Include="repositories\UserRepository.h">
      <Filter>repositories</Filter>
    </ClInclude>
    <ClInclude Include="utils\PasswordHasher.h">
      <Filter>utils</Filter>
    </ClInclude>
    <ClInclude Include="models\Customer.h">
      <Filter>models</Filter>
    </ClInclude>
    <ClInclude Include="repositories\CustomerRepository.h">
      <Filter>repositories</Filter>
    </ClInclude>
    <ClInclude Include="models\ProductKey.h">
      <Filter>models</Filter>
    </ClInclude>
    <ClInclude Include="repositories\KeyRepository.h">
      <Filter>repositories</Filter>
    </ClInclude>
  </ItemGroup>
  <ItemGroup>
    <QtRcc Include="resources.qrc" />
  </ItemGroup>
  <ItemGroup>
    <QtMoc Include="ui\LoginDialog.h">
      <Filter>ui</Filter>
    </QtMoc>
    <QtMoc Include="ui\ProductEditDialog.h">
      <Filter>ui</Filter>
    </QtMoc>
    <QtMoc Include="ui\ProductsTab.h">
      <Filter>ui</Filter>
    </QtMoc>
    <QtMoc Include="ui\CustomerEditDialog.h">
      <Filter>ui</Filter>
    </QtMoc>
    <QtMoc Include="ui\CustomersTab.h">
      <Filter>ui</Filter>
    </QtMoc>
  </ItemGroup>
</Project>